
Microsoft Visual Studio Solution File, Format Version 12.00
# Visual Studio Version 16
VisualStudioVersion = 16.0.28729.10
MinimumVisualStudioVersion = 10.0.40219.1
Project("{FAE04EC0-301F-11D3-BF4B-00C04F79EFBC}") = "UdpSender", "UdpSender\UdpSender.csproj", "{C70E57B7-EC94-4DFD-A649-AC8E004DFA40}"
EndProject
Project("{FAE04EC0-301F-11D3-BF4B-00C04F79EFBC}") = "UdpServer", "UdpServer\UdpServer.csproj", "{0083A048-A523-4F7A-9B20-CD033AEE4312}"
EndProject
Global
	GlobalSection(SolutionConfigurationPlatforms) = preSolution
		Debug|Any CPU = Debug|Any CPU
		Release|Any CPU = Release|Any CPU
	EndGlobalSection
	GlobalSection(ProjectConfigurationPlatforms) = postSolution
		{C70E57B7-EC94-4DFD-A649-AC8E004DFA40}.Debug|Any CPU.ActiveCfg = Debug|Any CPU
		{C70E57B7-EC94-4DFD-A649-AC8E004DFA40}.Debug|Any CPU.Build.0 = Debug|Any CPU
		{C70E57B7-EC94-4DFD-A649-AC8E004DFA40}.Release|Any CPU.ActiveCfg = Release|Any CPU
		{C70E57B7-EC94-4DFD-A649-AC8E004DFA40}.Release|Any CPU.Build.0 = Release|Any CPU
		{0083A048-A523-4F7A-9B20-CD033AEE4312}.Debug|Any CPU.ActiveCfg = Debug|Any CPU
		{0083A048-A523-4F7A-9B20-CD033AEE4312}.Debug|Any CPU.Build.0 = Debug|Any CPU
		{0083A048-A523-4F7A-9B20-CD033AEE4312}.Release|Any CPU.ActiveCfg = Release|Any CPU
		{0083A048-A523-4F7A-9B20-CD033AEE4312}.Release|Any CPU.Build.0 = Release|Any CPU
	EndGlobalSection
	GlobalSection(SolutionProperties) = preSolution
		HideSolutionNode = FALSE
	EndGlobalSection
	GlobalSection(ExtensibilityGlobals) = postSolution
		SolutionGuid = {0F26B772-44CF-460F-A044-24A605EE64D1}
	EndGlobalSection
EndGlobal
